
Microsoft Visual Studio Solution File, Format Version 12.00
# Visual Studio Version 17
VisualStudioVersion = 17.7.34003.232
MinimumVisualStudioVersion = 10.0.40219.1
Project("{9A19103F-16F7-4668-BE54-9A1E7A4F7556}") = "DapperTests.Tests", "DapperTests.Tests\DapperTests.Tests.csproj", "{42D00633-8881-46E8-815A-2643BCEAF66E}"
EndProject
Project("{9A19103F-16F7-4668-BE54-9A1E7A4F7556}") = "DapperTests.API", "DapperTests.API\DapperTests.API.csproj", "{8741C48F-2706-4B43-A572-082402012A92}"
EndProject
Project("{00D1A9C2-B5F0-4AF3-8072-F6C62B433612}") = "DapperTests.Database", "DapperTests.Database\DapperTests.Database.sqlproj", "{583F323D-0CBA-415D-A111-19EBD5F973B3}"
EndProject
Global
	GlobalSection(SolutionConfigurationPlatforms) = preSolution
		Debug|Any CPU = Debug|Any CPU
		Release|Any CPU = Release|Any CPU
	EndGlobalSection
	GlobalSection(ProjectConfigurationPlatforms) = postSolution
		{42D00633-8881-46E8-815A-2643BCEAF66E}.Debug|Any CPU.ActiveCfg = Debug|Any CPU
		{42D00633-8881-46E8-815A-2643BCEAF66E}.Debug|Any CPU.Build.0 = Debug|Any CPU
		{42D00633-8881-46E8-815A-2643BCEAF66E}.Release|Any CPU.ActiveCfg = Release|Any CPU
		{42D00633-8881-46E8-815A-2643BCEAF66E}.Release|Any CPU.Build.0 = Release|Any CPU
		{8741C48F-2706-4B43-A572-082402012A92}.Debug|Any CPU.ActiveCfg = Debug|Any CPU
		{8741C48F-2706-4B43-A572-082402012A92}.Debug|Any CPU.Build.0 = Debug|Any CPU
		{8741C48F-2706-4B43-A572-082402012A92}.Release|Any CPU.ActiveCfg = Release|Any CPU
		{8741C48F-2706-4B43-A572-082402012A92}.Release|Any CPU.Build.0 = Release|Any CPU
		{583F323D-0CBA-415D-A111-19EBD5F973B3}.Debug|Any CPU.ActiveCfg = Debug|Any CPU
		{583F323D-0CBA-415D-A111-19EBD5F973B3}.Debug|Any CPU.Build.0 = Debug|Any CPU
		{583F323D-0CBA-415D-A111-19EBD5F973B3}.Debug|Any CPU.Deploy.0 = Debug|Any CPU
		{583F323D-0CBA-415D-A111-19EBD5F973B3}.Release|Any CPU.ActiveCfg = Release|Any CPU
		{583F323D-0CBA-415D-A111-19EBD5F973B3}.Release|Any CPU.Build.0 = Release|Any CPU
		{583F323D-0CBA-415D-A111-19EBD5F973B3}.Release|Any CPU.Deploy.0 = Release|Any CPU
	EndGlobalSection
	GlobalSection(SolutionProperties) = preSolution
		HideSolutionNode = FALSE
	EndGlobalSection
	GlobalSection(ExtensibilityGlobals) = postSolution
		SolutionGuid = {17C31552-EF3E-47A3-8E29-FA474B236D74}
	EndGlobalSection
EndGlobal
